# THIS IS AN AUTOGENERATED FILE. DO NOT EDIT THIS FILE DIRECTLY.
# yarn lockfile v1


"@types/jquery@^3.5.16":
  version "3.5.16"
  resolved "https://registry.yarnpkg.com/@types/jquery/-/jquery-3.5.16.tgz#632131baf30951915b0317d48c98e9890bdf051d"
  integrity sha512-bsI7y4ZgeMkmpG9OM710RRzDFp+w4P1RGiIt30C1mSBT+ExCleeh4HObwgArnDFELmRrOpXgSYN9VF1hj+f1lw==
  dependencies:
    "@types/sizzle" "*"

"@types/sizzle@*":
  version "2.3.3"
  resolved "https://registry.yarnpkg.com/@types/sizzle/-/sizzle-2.3.3.tgz#ff5e2f1902969d305225a047c8a0fd5c915cebef"
  integrity sha512-JYM8x9EGF163bEyhdJBpR2QX1R5naCJHC8ucJylJ3w9/CVBaskdQ8WqBf8MmQrd1kRvp/a4TS8HJ+bxzR7ZJYQ==

bootstrap@^5.2.3:
  version "5.2.3"
  resolved "https://registry.yarnpkg.com/bootstrap/-/bootstrap-5.2.3.tgz#54739f4414de121b9785c5da3c87b37ff008322b"
  integrity sha512-cEKPM+fwb3cT8NzQZYEu4HilJ3anCrWqh3CHAok1p9jXqMPsPTBhU25fBckEJHJ/p+tTxTFTsFQGM+gaHpi3QQ==

font-awesome@^4.7.0:
  version "4.7.0"
  resolved "https://registry.yarnpkg.com/font-awesome/-/font-awesome-4.7.0.tgz#8fa8cf0411a1a31afd07b06d2902bb9fc815a133"
  integrity sha512-U6kGnykA/6bFmg1M/oT9EkFeIYv7JlX3bozwQJWiiLz6L0w3F5vBVPxHlwyX/vtNq1ckcpRKOB9f2Qal/VtFpg==

jquery@^3.6.3:
  version "3.6.3"
  resolved "https://registry.yarnpkg.com/jquery/-/jquery-3.6.3.tgz#23ed2ffed8a19e048814f13391a19afcdba160e6"
  integrity sha512-bZ5Sy3YzKo9Fyc8wH2iIQK4JImJ6R0GWI9kL1/k7Z91ZBNgkRXE6U0JfHIizZbort8ZunhSI3jw9I6253ahKfg==

popper.js@^1.16.1:
  version "1.16.1"
  resolved "https://registry.yarnpkg.com/popper.js/-/popper.js-1.16.1.tgz#2a223cb3dc7b6213d740e40372be40de43e65b1b"
  integrity sha512-Wb4p1J4zyFTbM+u6WuO4XstYx4Ky9Cewe4DWrel7B0w6VVICvPwdOpotjzcf6eD8TsckVnIMNONQyPIUFOUbCQ==
